// !$*UTF8*$!
{
	archiveVersion = 1;
	classes = {
	};
	objectVersion = 50;
	objects = {

/* Begin PBXBuildFile section */
		B71CCABA216F8FF9009519AC /* AppDelegate.swift in Sources */ = {isa = PBXBuildFile; fileRef = B71CCAB9216F8FF9009519AC /* AppDelegate.swift */; };
		B71CCABC216F8FFA009519AC /* art.scnassets in Resources */ = {isa = PBXBuildFile; fileRef = B71CCABB216F8FFA009519AC /* art.scnassets */; };
		B71CCABE216F8FFA009519AC /* ViewController.swift in Sources */ = {isa = PBXBuildFile; fileRef = B71CCABD216F8FFA009519AC /* ViewController.swift */; };
		B71CCAC1216F8FFA009519AC /* Main.storyboard in Resources */ = {isa = PBXBuildFile; fileRef = B71CCABF216F8FFA009519AC /* Main.storyboard */; };
		B71CCAC3216F8FFB009519AC /* Assets.xcassets in Resources */ = {isa = PBXBuildFile; fileRef = B71CCAC2216F8FFB009519AC /* Assets.xcassets */; };
		B71CCAC6216F8FFB009519AC /* LaunchScreen.storyboard in Resources */ = {isa = PBXBuildFile; fileRef = B71CCAC4216F8FFB009519AC /* LaunchScreen.storyboard */; };
/* End PBXBuildFile section */

/* Begin PBXFileReference section */
		B71CCAB6216F8FF9009519AC /* PwrARNav.app */ = {isa = PBXFileReference; explicitFileType = wrapper.application; includeInIndex = 0; path = PwrARNav.app; sourceTree = BUILT_PRODUCTS_DIR; };
		B71CCAB9216F8FF9009519AC /* AppDelegate.swift */ = {isa = PBXFileReference; lastKnownFileType = sourcecode.swift; path = AppDelegate.swift; sourceTree = "<group>"; };
		B71CCABB216F8FFA009519AC /* art.scnassets */ = {isa = PBXFileReference; lastKnownFileType = wrapper.scnassets; path = art.scnassets; sourceTree = "<group>"; };
		B71CCABD216F8FFA009519AC /* ViewController.swift */ = {isa = PBXFileReference; lastKnownFileType = sourcecode.swift; path = ViewController.swift; sourceTree = "<group>"; };
		B71CCAC0216F8FFA009519AC /* Base */ = {isa = PBXFileReference; lastKnownFileType = file.storyboard; name = Base; path = Base.lproj/Main.storyboard; sourceTree = "<group>"; };
		B71CCAC2216F8FFB009519AC /* Assets.xcassets */ = {isa = PBXFileReference; lastKnownFileType = folder.assetcatalog; path = Assets.xcassets; sourceTree = "<group>"; };
		B71CCAC5216F8FFB009519AC /* Base */ = {isa = PBXFileReference; lastKnownFileType = file.storyboard; name = Base; path = Base.lproj/LaunchScreen.storyboard; sourceTree = "<group>"; };
		B71CCAC7216F8FFB009519AC /* Info.plist */ = {isa = PBXFileReference; lastKnownFileType = text.plist.xml; path = Info.plist; sourceTree = "<group>"; };
/* End PBXFileReference section */

/* Begin PBXFrameworksBuildPhase section */
		B71CCAB3216F8FF9009519AC /* Frameworks */ = {
			isa = PBXFrameworksBuildPhase;
			buildActionMask = 2147483647;
			files = (
			);
			runOnlyForDeploymentPostprocessing = 0;
		};
/* End PBXFrameworksBuildPhase section */

/* Begin PBXGroup section */
		B71CCAAD216F8FF9009519AC = {
			isa = PBXGroup;
			children = (
				B71CCAB8216F8FF9009519AC /* PwrARNav */,
				B71CCAB7216F8FF9009519AC /* Products */,
			);
			sourceTree = "<group>";
		};
		B71CCAB7216F8FF9009519AC /* Products */ = {
			isa = PBXGroup;
			children = (
				B71CCAB6216F8FF9009519AC /* PwrARNav.app */,
			);
			name = Products;
			sourceTree = "<group>";
		};
		B71CCAB8216F8FF9009519AC /* PwrARNav */ = {
			isa = PBXGroup;
			children = (
				B71CCAB9216F8FF9009519AC /* AppDelegate.swift */,
				B71CCABB216F8FFA009519AC /* art.scnassets */,
				B71CCABD216F8FFA009519AC /* ViewController.swift */,
				B71CCABF216F8FFA009519AC /* Main.storyboard */,
				B71CCAC2216F8FFB009519AC /* Assets.xcassets */,
				B71CCAC4216F8FFB009519AC /* LaunchScreen.storyboard */,
				B71CCAC7216F8FFB009519AC /* Info.plist */,
			);
			path = PwrARNav;
			sourceTree = "<group>";
		};
/* End PBXGroup section */

/* Begin PBXNativeTarget section */
		B71CCAB5216F8FF9009519AC /* PwrARNav */ = {
			isa = PBXNativeTarget;
			buildConfigurationList = B71CCACA216F8FFB009519AC /* Build configuration list for PBXNativeTarget "PwrARNav" */;
			buildPhases = (
				B71CCAB2216F8FF9009519AC /* Sources */,
				B71CCAB3216F8FF9009519AC /* Frameworks */,
				B71CCAB4216F8FF9009519AC /* Resources */,
			);
			buildRules = (
			);
			dependencies = (
			);
			name = PwrARNav;
			productName = PwrARNav;
			productReference = B71CCAB6216F8FF9009519AC /* PwrARNav.app */;
			productType = "com.apple.product-type.application";
		};
/* End PBXNativeTarget section */

/* Begin PBXProject section */
		B71CCAAE216F8FF9009519AC /* Project object */ = {
			isa = PBXProject;
			attributes = {
				LastSwiftUpdateCheck = 1000;
				LastUpgradeCheck = 1000;
				ORGANIZATIONNAME = "Oleksii Furman";
				TargetAttributes = {
					B71CCAB5216F8FF9009519AC = {
						CreatedOnToolsVersion = 10.0;
					};
				};
			};
			buildConfigurationList = B71CCAB1216F8FF9009519AC /* Build configuration list for PBXProject "PwrARNav" */;
			compatibilityVersion = "Xcode 9.3";
			developmentRegion = en;
			hasScannedForEncodings = 0;
			knownRegions = (
				en,
				Base,
			);
			mainGroup = B71CCAAD216F8FF9009519AC;
			productRefGroup = B71CCAB7216F8FF9009519AC /* Products */;
			projectDirPath = "";
			projectRoot = "";
			targets = (
				B71CCAB5216F8FF9009519AC /* PwrARNav */,
			);
		};
/* End PBXProject section */

/* Begin PBXResourcesBuildPhase section */
		B71CCAB4216F8FF9009519AC /* Resources */ = {
			isa = PBXResourcesBuildPhase;
			buildActionMask = 2147483647;
			files = (
				B71CCABC216F8FFA009519AC /* art.scnassets in Resources */,
				B71CCAC6216F8FFB009519AC /* LaunchScreen.storyboard in Resources */,
				B71CCAC3216F8FFB009519AC /* Assets.xcassets in Resources */,
				B71CCAC1216F8FFA009519AC /* Main.storyboard in Resources */,
			);
			runOnlyForDeploymentPostprocessing = 0;
		};
/* End PBXResourcesBuildPhase section */

/* Begin PBXSourcesBuildPhase section */
		B71CCAB2216F8FF9009519AC /* Sources */ = {
			isa = PBXSourcesBuildPhase;
			buildActionMask = 2147483647;
			files = (
				B71CCABE216F8FFA009519AC /* ViewController.swift in Sources */,
				B71CCABA216F8FF9009519AC /* AppDelegate.swift in Sources */,
			);
			runOnlyForDeploymentPostprocessing = 0;
		};
/* End PBXSourcesBuildPhase section */

/* Begin PBXVariantGroup section */
		B71CCABF216F8FFA009519AC /* Main.storyboard */ = {
			isa = PBXVariantGroup;
			children = (
				B71CCAC0216F8FFA009519AC /* Base */,
			);
			name = Main.storyboard;
			sourceTree = "<group>";
		};
		B71CCAC4216F8FFB009519AC /* LaunchScreen.storyboard */ = {
			isa = PBXVariantGroup;
			children = (
				B71CCAC5216F8FFB009519AC /* Base */,
			);
			name = LaunchScreen.storyboard;
			sourceTree = "<group>";
		};
/* End PBXVariantGroup section */

/* Begin XCBuildConfiguration section */
		B71CCAC8216F8FFB009519AC /* Debug */ = {
			isa = XCBuildConfiguration;
			buildSettings = {
				ALWAYS_SEARCH_USER_PATHS = NO;
				CLANG_ANALYZER_NONNULL = YES;
				CLANG_ANALYZER_NUMBER_OBJECT_CONVERSION = YES_AGGRESSIVE;
				CLANG_CXX_LANGUAGE_STANDARD = "gnu++14";
				CLANG_CXX_LIBRARY = "libc++";
				CLANG_ENABLE_MODULES = YES;
				CLANG_ENABLE_OBJC_ARC = YES;
				CLANG_ENABLE_OBJC_WEAK = YES;
				CLANG_WARN_BLOCK_CAPTURE_AUTORELEASING = YES;
				CLANG_WARN_BOOL_CONVERSION = YES;
				CLANG_WARN_COMMA = YES;
				CLANG_WARN_CONSTANT_CONVERSION = YES;
				CLANG_WARN_DEPRECATED_OBJC_IMPLEMENTATIONS = YES;
				CLANG_WARN_DIRECT_OBJC_ISA_USAGE = YES_ERROR;
				CLANG_WARN_DOCUMENTATION_COMMENTS = YES;
				CLANG_WARN_EMPTY_BODY = YES;
				CLANG_WARN_ENUM_CONVERSION = YES;
				CLANG_WARN_INFINITE_RECURSION = YES;
				CLANG_WARN_INT_CONVERSION = YES;
				CLANG_WARN_NON_LITERAL_NULL_CONVERSION = YES;
				CLANG_WARN_OBJC_IMPLICIT_RETAIN_SELF = YES;
				CLANG_WARN_OBJC_LITERAL_CONVERSION = YES;
				CLANG_WARN_OBJC_ROOT_CLASS = YES_ERROR;
				CLANG_WARN_RANGE_LOOP_ANALYSIS = YES;
				CLANG_WARN_STRICT_PROTOTYPES = YES;
				CLANG_WARN_SUSPICIOUS_MOVE = YES;
				CLANG_WARN_UNGUARDED_AVAILABILITY = YES_AGGRESSIVE;
				CLANG_WARN_UNREACHABLE_CODE = YES;
				CLANG_WARN__DUPLICATE_METHOD_MATCH = YES;
				CODE_SIGN_IDENTITY = "iPhone Developer";
				COPY_PHASE_STRIP = NO;
				DEBUG_INFORMATION_FORMAT = dwarf;
				ENABLE_STRICT_OBJC_MSGSEND = YES;
				ENABLE_TESTABILITY = YES;
				GCC_C_LANGUAGE_STANDARD = gnu11;
				GCC_DYNAMIC_NO_PIC = NO;
				GCC_NO_COMMON_BLOCKS = YES;
				GCC_OPTIMIZATION_LEVEL = 0;
				GCC_PREPROCESSOR_DEFINITIONS = (
					"DEBUG=1",
					"$(inherited)",
				);
				GCC_WARN_64_TO_32_BIT_CONVERSION = YES;
				GCC_WARN_ABOUT_RETURN_TYPE = YES_ERROR;
				GCC_WARN_UNDECLARED_SELECTOR = YES;
				GCC_WARN_UNINITIALIZED_AUTOS = YES_AGGRESSIVE;
				GCC_WARN_UNUSED_FUNCTION = YES;
				GCC_WARN_UNUSED_VARIABLE = YES;
				IPHONEOS_DEPLOYMENT_TARGET = 12.0;
				MTL_ENABLE_DEBUG_INFO = INCLUDE_SOURCE;
				MTL_FAST_MATH = YES;
				ONLY_ACTIVE_ARCH = YES;
				SDKROOT = iphoneos;
				SWIFT_ACTIVE_COMPILATION_CONDITIONS = DEBUG;
				SWIFT_OPTIMIZATION_LEVEL = "-Onone";
			};
			name = Debug;
		};
		B71CCAC9216F8FFB009519AC /* Release */ = {
			isa = XCBuildConfiguration;
			buildSettings = {
				ALWAYS_SEARCH_USER_PATHS = NO;
				CLANG_ANALYZER_NONNULL = YES;
				CLANG_ANALYZER_NUMBER_OBJECT_CONVERSION = YES_AGGRESSIVE;
				CLANG_CXX_LANGUAGE_STANDARD = "gnu++14";
				CLANG_CXX_LIBRARY = "libc++";
				CLANG_ENABLE_MODULES = YES;
				CLANG_ENABLE_OBJC_ARC = YES;
				CLANG_ENABLE_OBJC_WEAK = YES;
				CLANG_WARN_BLOCK_CAPTURE_AUTORELEASING = YES;
				CLANG_WARN_BOOL_CONVERSION = YES;
				CLANG_WARN_COMMA = YES;
				CLANG_WARN_CONSTANT_CONVERSION = YES;
				CLANG_WARN_DEPRECATED_OBJC_IMPLEMENTATIONS = YES;
				CLANG_WARN_DIRECT_OBJC_ISA_USAGE = YES_ERROR;
				CLANG_WARN_DOCUMENTATION_COMMENTS = YES;
				CLANG_WARN_EMPTY_BODY = YES;
				CLANG_WARN_ENUM_CONVERSION = YES;
				CLANG_WARN_INFINITE_RECURSION = YES;
				CLANG_WARN_INT_CONVERSION = YES;
				CLANG_WARN_NON_LITERAL_NULL_CONVERSION = YES;
				CLANG_WARN_OBJC_IMPLICIT_RETAIN_SELF = YES;
				CLANG_WARN_OBJC_LITERAL_CONVERSION = YES;
				CLANG_WARN_OBJC_ROOT_CLASS = YES_ERROR;
				CLANG_WARN_RANGE_LOOP_ANALYSIS = YES;
				CLANG_WARN_STRICT_PROTOTYPES = YES;
				CLANG_WARN_SUSPICIOUS_MOVE = YES;
				CLANG_WARN_UNGUARDED_AVAILABILITY = YES_AGGRESSIVE;
				CLANG_WARN_UNREACHABLE_CODE = YES;
				CLANG_WARN__DUPLICATE_METHOD_MATCH = YES;
				CODE_SIGN_IDENTITY = "iPhone Developer";
				COPY_PHASE_STRIP = NO;
				DEBUG_INFORMATION_FORMAT = "dwarf-with-dsym";
				ENABLE_NS_ASSERTIONS = NO;
				ENABLE_STRICT_OBJC_MSGSEND = YES;
				GCC_C_LANGUAGE_STANDARD = gnu11;
				GCC_NO_COMMON_BLOCKS = YES;
				GCC_WARN_64_TO_32_BIT_CONVERSION = YES;
				GCC_WARN_ABOUT_RETURN_TYPE = YES_ERROR;
				GCC_WARN_UNDECLARED_SELECTOR = YES;
				GCC_WARN_UNINITIALIZED_AUTOS = YES_AGGRESSIVE;
				GCC_WARN_UNUSED_FUNCTION = YES;
				GCC_WARN_UNUSED_VARIABLE = YES;
				IPHONEOS_DEPLOYMENT_TARGET = 12.0;
				MTL_ENABLE_DEBUG_INFO = NO;
				MTL_FAST_MATH = YES;
				SDKROOT = iphoneos;
				SWIFT_COMPILATION_MODE = wholemodule;
				SWIFT_OPTIMIZATION_LEVEL = "-O";
				VALIDATE_PRODUCT = YES;
			};
			name = Release;
		};
		B71CCACB216F8FFB009519AC /* Debug */ = {
			isa = XCBuildConfiguration;
			buildSettings = {
				ASSETCATALOG_COMPILER_APPICON_NAME = AppIcon;
				CODE_SIGN_STYLE = Automatic;
				DEVELOPMENT_TEAM = B8EX7H663R;
				INFOPLIST_FILE = PwrARNav/Info.plist;
				LD_RUNPATH_SEARCH_PATHS = (
					"$(inherited)",
					"@executable_path/Frameworks",
				);
				PRODUCT_BUNDLE_IDENTIFIER = oleksii.furman.PwrARNav;
				PRODUCT_NAME = "$(TARGET_NAME)";
				SWIFT_VERSION = 4.2;
				TARGETED_DEVICE_FAMILY = "1,2";
			};
			name = Debug;
		};
		B71CCACC216F8FFB009519AC /* Release */ = {
			isa = XCBuildConfiguration;
			buildSettings = {
				ASSETCATALOG_COMPILER_APPICON_NAME = AppIcon;
				CODE_SIGN_STYLE = Automatic;
				DEVELOPMENT_TEAM = B8EX7H663R;
				INFOPLIST_FILE = PwrARNav/Info.plist;
				LD_RUNPATH_SEARCH_PATHS = (
					"$(inherited)",
					"@executable_path/Frameworks",
				);
				PRODUCT_BUNDLE_IDENTIFIER = oleksii.furman.PwrARNav;
				PRODUCT_NAME = "$(TARGET_NAME)";
				SWIFT_VERSION = 4.2;
				TARGETED_DEVICE_FAMILY = "1,2";
			};
			name = Release;
		};
/* End XCBuildConfiguration section */

/* Begin XCConfigurationList section */
		B71CCAB1216F8FF9009519AC /* Build configuration list for PBXProject "PwrARNav" */ = {
			isa = XCConfigurationList;
			buildConfigurations = (
				B71CCAC8216F8FFB009519AC /* Debug */,
				B71CCAC9216F8FFB009519AC /* Release */,
			);
			defaultConfigurationIsVisible = 0;
			defaultConfigurationName = Release;
		};
		B71CCACA216F8FFB009519AC /* Build configuration list for PBXNativeTarget "PwrARNav" */ = {
			isa = XCConfigurationList;
			buildConfigurations = (
				B71CCACB216F8FFB009519AC /* Debug */,
				B71CCACC216F8FFB009519AC /* Release */,
			);
			defaultConfigurationIsVisible = 0;
			defaultConfigurationName = Release;
		};
/* End XCConfigurationList section */
	};
	rootObject = B71CCAAE216F8FF9009519AC /* Project object */;
}
